{
  "name": "awssdk-cheatsheet",
  "version": "1.0.0",
  "lockfileVersion": 1,
  "requires": true,
  "dependencies": {
    "@aws-crypto/crc32": {
      "version": "1.0.0",
      "resolved": "https://registry.npmjs.org/@aws-crypto/crc32/-/crc32-1.0.0.tgz",
      "integrity": "sha512-wr4EyCv3ZfLH3Sg7FErV6e/cLhpk9rUP/l5322y8PRgpQsItdieaLbtE4aDOR+dxl8U7BG9FIwWXH4TleTDZ9A==",
      "requires": {
        "tslib": "^1.11.1"
      }
    },
    "@aws-crypto/ie11-detection": {
      "version": "1.0.0",
      "resolved": "https://registry.npmjs.org/@aws-crypto/ie11-detection/-/ie11-detection-1.0.0.tgz",
      "integrity": "sha512-kCKVhCF1oDxFYgQrxXmIrS5oaWulkvRcPz+QBDMsUr2crbF4VGgGT6+uQhSwJFdUAQ2A//Vq+uT83eJrkzFgXA==",
      "requires": {
        "tslib": "^1.11.1"
      }
    },
    "@aws-crypto/sha256-browser": {
      "version": "1.1.0",
      "resolved": "https://registry.npmjs.org/@aws-crypto/sha256-browser/-/sha256-browser-1.1.0.tgz",
      "integrity": "sha512-VIpuLRDonMAHgomrsm/zKbeXTnxpr4aHDQmS4pF+NcpvBp64l675yjGA9hyUYs/QJwBjUl8WqMjh9tIRgi85Sg==",
      "requires": {
        "@aws-crypto/ie11-detection": "^1.0.0",
        "@aws-crypto/sha256-js": "^1.1.0",
        "@aws-crypto/supports-web-crypto": "^1.0.0",
        "@aws-sdk/types": "^3.1.0",
        "@aws-sdk/util-locate-window": "^3.0.0",
        "@aws-sdk/util-utf8-browser": "^3.0.0",
        "tslib": "^1.11.1"
      }
    },
    "@aws-crypto/sha256-js": {
      "version": "1.1.0",
      "resolved": "https://registry.npmjs.org/@aws-crypto/sha256-js/-/sha256-js-1.1.0.tgz",
      "integrity": "sha512-VIhuqbPgXDVr8sZe2yhgQcDRRmzf4CI8fmC1A3bHiRfE6wlz1d8KpeemqbuoEHotz/Dch9yOxlshyQDNjNFeHA==",
      "requires": {
        "@aws-sdk/types": "^3.1.0",
        "@aws-sdk/util-utf8-browser": "^3.0.0",
        "tslib": "^1.11.1"
      }
    },
    "@aws-crypto/supports-web-crypto": {
      "version": "1.0.0",
      "resolved": "https://registry.npmjs.org/@aws-crypto/supports-web-crypto/-/supports-web-crypto-1.0.0.tgz",
      "integrity": "sha512-IHLfv+WmVH89EW4n6a5eE8/hUlz6qkWGMn/v4r5ZgzcXdTC5nolii2z3k46y01hWRiC2PPhOdeSLzMUCUMco7g==",
      "requires": {
        "tslib": "^1.11.1"
      }
    },
    "@aws-sdk/abort-controller": {
      "version": "3.10.0",
      "resolved": "https://registry.npmjs.org/@aws-sdk/abort-controller/-/abort-controller-3.10.0.tgz",
      "integrity": "sha512-gOgI/WOT8Yler7mV1WxkulY7HxpczLk2m7WE0Lk4P+y7nQXW70LLBtNw7M/y1N0UyIa362kmOT/DuH8QMh/Ycw==",
      "requires": {
        "@aws-sdk/types": "3.10.0",
        "tslib": "^1.8.0"
      }
    },
    "@aws-sdk/chunked-blob-reader": {
      "version": "3.10.0",
      "resolved": "https://registry.npmjs.org/@aws-sdk/chunked-blob-reader/-/chunked-blob-reader-3.10.0.tgz",
      "integrity": "sha512-ls1uSef6k7xeVPUDbmainM3JvZFoc92q1K+6u1gMtju6koNNk+CM2cBV8qJ+R8/CM/pbeYgFDJvTvEzg7BkEfw==",
      "requires": {
        "tslib": "^1.8.0"
      }
    },
    "@aws-sdk/chunked-blob-reader-native": {
      "version": "3.10.0",
      "resolved": "https://registry.npmjs.org/@aws-sdk/chunked-blob-reader-native/-/chunked-blob-reader-native-3.10.0.tgz",
      "integrity": "sha512-cyr9oqyKZR8M6E09Ppks2yy8du7czmu9PowYYu1m3BuMasjtV8KK3XIuOWA5FGUmCyxL5g6dcg6yKE5PZmWlnA==",
      "requires": {
        "@aws-sdk/util-base64-browser": "3.10.0",
        "tslib": "^1.8.0"
      }
    },
    "@aws-sdk/client-s3": {
      "version": "3.11.0",
      "resolved": "https://registry.npmjs.org/@aws-sdk/client-s3/-/client-s3-3.11.0.tgz",
      "integrity": "sha512-bucbUKgBf4mazSBT7FCd6nE8N/q8qoATVkQMyCR9Oa/EhBas7Ow/Vg8qzt5o5oKRW5IeOSN3xFfFXA6kRmnaZg==",
      "requires": {
        "@aws-crypto/sha256-browser": "^1.0.0",
        "@aws-crypto/sha256-js": "^1.0.0",
        "@aws-sdk/config-resolver": "3.10.0",
        "@aws-sdk/credential-provider-node": "3.11.0",
        "@aws-sdk/eventstream-serde-browser": "3.10.0",
        "@aws-sdk/eventstream-serde-config-resolver": "3.10.0",
        "@aws-sdk/eventstream-serde-node": "3.10.0",
        "@aws-sdk/fetch-http-handler": "3.10.0",
        "@aws-sdk/hash-blob-browser": "3.10.0",
        "@aws-sdk/hash-node": "3.10.0",
        "@aws-sdk/hash-stream-node": "3.10.0",
        "@aws-sdk/invalid-dependency": "3.10.0",
        "@aws-sdk/md5-js": "3.10.0",
        "@aws-sdk/middleware-apply-body-checksum": "3.10.0",
        "@aws-sdk/middleware-bucket-endpoint": "3.10.0",
        "@aws-sdk/middleware-content-length": "3.10.0",
        "@aws-sdk/middleware-expect-continue": "3.10.0",
        "@aws-sdk/middleware-host-header": "3.10.0",
        "@aws-sdk/middleware-location-constraint": "3.10.0",
        "@aws-sdk/middleware-logger": "3.10.0",
        "@aws-sdk/middleware-retry": "3.10.0",
        "@aws-sdk/middleware-sdk-s3": "3.10.0",
        "@aws-sdk/middleware-serde": "3.10.0",
        "@aws-sdk/middleware-signing": "3.10.0",
        "@aws-sdk/middleware-ssec": "3.10.0",
        "@aws-sdk/middleware-stack": "3.10.0",
        "@aws-sdk/middleware-user-agent": "3.10.0",
        "@aws-sdk/node-config-provider": "3.10.0",
        "@aws-sdk/node-http-handler": "3.10.0",
        "@aws-sdk/protocol-http": "3.10.0",
        "@aws-sdk/smithy-client": "3.10.0",
        "@aws-sdk/types": "3.10.0",
        "@aws-sdk/url-parser": "3.10.0",
        "@aws-sdk/url-parser-native": "3.10.0",
        "@aws-sdk/util-base64-browser": "3.10.0",
        "@aws-sdk/util-base64-node": "3.10.0",
        "@aws-sdk/util-body-length-browser": "3.10.0",
        "@aws-sdk/util-body-length-node": "3.10.0",
        "@aws-sdk/util-user-agent-browser": "3.10.0",
        "@aws-sdk/util-user-agent-node": "3.10.0",
        "@aws-sdk/util-utf8-browser": "3.10.0",
        "@aws-sdk/util-utf8-node": "3.10.0",
        "@aws-sdk/util-waiter": "3.10.0",
        "@aws-sdk/xml-builder": "3.10.0",
        "fast-xml-parser": "3.19.0",
        "tslib": "^2.0.0"
      },
      "dependencies": {
        "tslib": {
          "version": "2.2.0",
          "resolved": "https://registry.npmjs.org/tslib/-/tslib-2.2.0.tgz",
          "integrity": "sha512-gS9GVHRU+RGn5KQM2rllAlR3dU6m7AcpJKdtH8gFvQiC4Otgk98XnmMU+nZenHt/+VhnBPWwgrJsyrdcw6i23w=="
        }
      }
    },
    "@aws-sdk/client-sso": {
      "version": "3.11.0",
      "resolved": "https://registry.npmjs.org/@aws-sdk/client-sso/-/client-sso-3.11.0.tgz",
      "integrity": "sha512-VaquYFsuuwoPo9VVbPbEchBeWP/I4OOvKR4HyiMPB5xuOuXaBVPfLCgeKclG3dhobd09jeUBdjtL7djdBH9HRQ==",
      "requires": {
        "@aws-crypto/sha256-browser": "^1.0.0",
        "@aws-crypto/sha256-js": "^1.0.0",
        "@aws-sdk/config-resolver": "3.10.0",
        "@aws-sdk/fetch-http-handler": "3.10.0",
        "@aws-sdk/hash-node": "3.10.0",
        "@aws-sdk/invalid-dependency": "3.10.0",
        "@aws-sdk/middleware-content-length": "3.10.0",
        "@aws-sdk/middleware-host-header": "3.10.0",
        "@aws-sdk/middleware-logger": "3.10.0",
        "@aws-sdk/middleware-retry": "3.10.0",
        "@aws-sdk/middleware-serde": "3.10.0",
        "@aws-sdk/middleware-stack": "3.10.0",
        "@aws-sdk/middleware-user-agent": "3.10.0",
        "@aws-sdk/node-config-provider": "3.10.0",
        "@aws-sdk/node-http-handler": "3.10.0",
        "@aws-sdk/protocol-http": "3.10.0",
        "@aws-sdk/smithy-client": "3.10.0",
        "@aws-sdk/types": "3.10.0",
        "@aws-sdk/url-parser": "3.10.0",
        "@aws-sdk/url-parser-native": "3.10.0",
        "@aws-sdk/util-base64-browser": "3.10.0",
        "@aws-sdk/util-base64-node": "3.10.0",
        "@aws-sdk/util-body-length-browser": "3.10.0",
        "@aws-sdk/util-body-length-node": "3.10.0",
        "@aws-sdk/util-user-agent-browser": "3.10.0",
        "@aws-sdk/util-user-agent-node": "3.10.0",
        "@aws-sdk/util-utf8-browser": "3.10.0",
        "@aws-sdk/util-utf8-node": "3.10.0",
        "tslib": "^2.0.0"
      },
      "dependencies": {
        "tslib": {
          "version": "2.2.0",
          "resolved": "https://registry.npmjs.org/tslib/-/tslib-2.2.0.tgz",
          "integrity": "sha512-gS9GVHRU+RGn5KQM2rllAlR3dU6m7AcpJKdtH8gFvQiC4Otgk98XnmMU+nZenHt/+VhnBPWwgrJsyrdcw6i23w=="
        }
      }
    },
    "@aws-sdk/config-resolver": {
      "version": "3.10.0",
      "resolved": "https://registry.npmjs.org/@aws-sdk/config-resolver/-/config-resolver-3.10.0.tgz",
      "integrity": "sha512-G74pKBdVQ4wb8U3sYv4CGMY4HzDw2prgNyYOjOsgfLKXHiWzyQdKCbOOWKsuHIE1GcgDmfypSlDT832P6tkooA==",
      "requires": {
        "@aws-sdk/signature-v4": "3.10.0",
        "@aws-sdk/types": "3.10.0",
        "tslib": "^1.8.0"
      }
    },
    "@aws-sdk/credential-provider-env": {
      "version": "3.10.0",
      "resolved": "https://registry.npmjs.org/@aws-sdk/credential-provider-env/-/credential-provider-env-3.10.0.tgz",
      "integrity": "sha512-hC0gbIm+squT79JTBl1VzRmunEUyY5U20Cas0Bybe0QePHVKIB9WDAW5V4HBHnHqFsaCxkupisij7sH4zmV+Fg==",
      "requires": {
        "@aws-sdk/property-provider": "3.10.0",
        "@aws-sdk/types": "3.10.0",
        "tslib": "^1.8.0"
      }
    },
    "@aws-sdk/credential-provider-imds": {
      "version": "3.10.0",
      "resolved": "https://registry.npmjs.org/@aws-sdk/credential-provider-imds/-/credential-provider-imds-3.10.0.tgz",
      "integrity": "sha512-izDRHhRpxn15NmpKkvWA931vMK+EH4GZRpSucLOO9BmEWhbszKEkkDYvSN2f8Y6Pc9+lY9TDl+2rMuF9KipT3w==",
      "requires": {
        "@aws-sdk/property-provider": "3.10.0",
        "@aws-sdk/types": "3.10.0",
        "tslib": "^1.8.0"
      }
    },
    "@aws-sdk/credential-provider-ini": {
      "version": "3.11.0",
      "resolved": "https://registry.npmjs.org/@aws-sdk/credential-provider-ini/-/credential-provider-ini-3.11.0.tgz",
      "integrity": "sha512-9fb717L4mLMYUEl1bqvDJK6cptH4dnYXduDrrfbZaoBy1IeqjinfQpvCD28KVvinxZw1uzkijr21sLIhV/4k7w==",
      "requires": {
        "@aws-sdk/credential-provider-web-identity": "3.11.0",
        "@aws-sdk/property-provider": "3.10.0",
        "@aws-sdk/shared-ini-file-loader": "3.10.0",
        "@aws-sdk/types": "3.10.0",
        "tslib": "^1.8.0"
      }
    },
    "@aws-sdk/credential-provider-node": {
      "version": "3.11.0",
      "resolved": "https://registry.npmjs.org/@aws-sdk/credential-provider-node/-/credential-provider-node-3.11.0.tgz",
      "integrity": "sha512-kfJwyCoCcPJqD2sDd0zLWHIzsVXWDU7CiHiN6nzen/hmHLOvV9WB+yeQrzuEpu+baBX5H2TEoT8GvDb0FeSgow==",
      "requires": {
        "@aws-sdk/credential-provider-env": "3.10.0",
        "@aws-sdk/credential-provider-imds": "3.10.0",
        "@aws-sdk/credential-provider-ini": "3.11.0",
        "@aws-sdk/credential-provider-process": "3.11.0",
        "@aws-sdk/credential-provider-sso": "3.11.0",
        "@aws-sdk/property-provider": "3.10.0",
        "@aws-sdk/shared-ini-file-loader": "3.10.0",
        "@aws-sdk/types": "3.10.0",
        "tslib": "^1.8.0"
      }
    },
    "@aws-sdk/credential-provider-process": {
      "version": "3.11.0",
      "resolved": "https://registry.npmjs.org/@aws-sdk/credential-provider-process/-/credential-provider-process-3.11.0.tgz",
      "integrity": "sha512-pAUinnOYfJWGyvieDYYG/7SNucEDUnDIrVklXR2nIvU9L15Nft1q89Gam2rOfph03vMz62G2gp+0uSU6GAN2rg==",
      "requires": {
        "@aws-sdk/credential-provider-ini": "3.11.0",
        "@aws-sdk/property-provider": "3.10.0",
        "@aws-sdk/shared-ini-file-loader": "3.10.0",
        "@aws-sdk/types": "3.10.0",
        "tslib": "^1.8.0"
      }
    },
    "@aws-sdk/credential-provider-sso": {
      "version": "3.11.0",
      "resolved": "https://registry.npmjs.org/@aws-sdk/credential-provider-sso/-/credential-provider-sso-3.11.0.tgz",
      "integrity": "sha512-mUrHqez8XNrMTrH1W6m7CtMr8TiP+19NgHSi3lYGV1awCZaefq5LIOALC8vpRj4OCQsbkzo3NAft9pXubzelQQ==",
      "requires": {
        "@aws-sdk/client-sso": "3.11.0",
        "@aws-sdk/credential-provider-ini": "3.11.0",
        "@aws-sdk/property-provider": "3.10.0",
        "@aws-sdk/shared-ini-file-loader": "3.10.0",
        "@aws-sdk/types": "3.10.0",
        "tslib": "^1.8.0"
      }
    },
    "@aws-sdk/credential-provider-web-identity": {
      "version": "3.11.0",
      "resolved": "https://registry.npmjs.org/@aws-sdk/credential-provider-web-identity/-/credential-provider-web-identity-3.11.0.tgz",
      "integrity": "sha512-jZc2jM4+QOP5iRMFKhYDfsNcECsPAZ3S2Ac/yEL7PhFZGBP3pA043x/lPcbLaVYVNWFsOfLtmrTNMrevp0BfwA==",
      "requires": {
        "@aws-sdk/property-provider": "3.10.0",
        "@aws-sdk/types": "3.10.0",
        "tslib": "^1.8.0"
      }
    },
    "@aws-sdk/eventstream-marshaller": {
      "version": "3.10.0",
      "resolved": "https://registry.npmjs.org/@aws-sdk/eventstream-marshaller/-/eventstream-marshaller-3.10.0.tgz",
      "integrity": "sha512-Kx6SYcmjsKRCsLblfyAERlMfi1CSgzSSh/VfIWhtcF9d5R7No9V+DvxdYVPhIh/fZMlpzb4ibih0LceH3G+Jzw==",
      "requires": {
        "@aws-crypto/crc32": "^1.0.0",
        "@aws-sdk/types": "3.10.0",
        "@aws-sdk/util-hex-encoding": "3.10.0",
        "tslib": "^1.8.0"
      }
    },
    "@aws-sdk/eventstream-serde-browser": {
      "version": "3.10.0",
      "resolved": "https://registry.npmjs.org/@aws-sdk/eventstream-serde-browser/-/eventstream-serde-browser-3.10.0.tgz",
      "integrity": "sha512-NkFsoXn9lw4H6e2BXRVuEtLR1TO5hW9duixiyHxn1FgncA2k9DzJPttjSShsizzoLhNMzhjMtWVZekeK8zPT2w==",
      "requires": {
        "@aws-sdk/eventstream-marshaller": "3.10.0",
        "@aws-sdk/eventstream-serde-universal": "3.10.0",
        "@aws-sdk/types": "3.10.0",
        "tslib": "^1.8.0"
      }
    },
    "@aws-sdk/eventstream-serde-config-resolver": {
      "version": "3.10.0",
      "resolved": "https://registry.npmjs.org/@aws-sdk/eventstream-serde-config-resolver/-/eventstream-serde-config-resolver-3.10.0.tgz",
      "integrity": "sha512-xAZECONzwVy3NMpsfOaGFnn/Qs8lDFybEfFqv4OAPn0EGJdkqN4N8OsNxXzGD/RqkFDNoZvqA0gtx1cxLbz8Ew==",
      "requires": {
        "@aws-sdk/types": "3.10.0",
        "tslib": "^1.8.0"
      }
    },
    "@aws-sdk/eventstream-serde-node": {
      "version": "3.10.0",
      "resolved": "https://registry.npmjs.org/@aws-sdk/eventstream-serde-node/-/eventstream-serde-node-3.10.0.tgz",
      "integrity": "sha512-RVsTr37qMRbWIQSWWaqXjGG1gfgMTnYSxgxs1sPHjIQn7gVw9S5IJp8+p46OWHF/dl9fFIxEMFiNfo9HD9T/3g==",
      "requires": {
        "@aws-sdk/eventstream-marshaller": "3.10.0",
        "@aws-sdk/eventstream-serde-universal": "3.10.0",
        "@aws-sdk/types": "3.10.0",
        "tslib": "^1.8.0"
      }
    },
    "@aws-sdk/eventstream-serde-universal": {
      "version": "3.10.0",
      "resolved": "https://registry.npmjs.org/@aws-sdk/eventstream-serde-universal/-/eventstream-serde-universal-3.10.0.tgz",
      "integrity": "sha512-pJO8mMkZw1CK7eoD9lhOClvnXIFvB3r1j3ZufXULIzYerNPZ+AZblSxJqVm4wWrxy/hQZ2cqo6Q8mbgLz58/5g==",
      "requires": {
        "@aws-sdk/eventstream-marshaller": "3.10.0",
        "@aws-sdk/types": "3.10.0",
        "tslib": "^1.8.0"
      }
    },
    "@aws-sdk/fetch-http-handler": {
      "version": "3.10.0",
      "resolved": "https://registry.npmjs.org/@aws-sdk/fetch-http-handler/-/fetch-http-handler-3.10.0.tgz",
      "integrity": "sha512-vtsIiFhSlUg9CvKIQ73sq0gJh6wJ7NZ5OpUyq57/xXc3ucRfzhTacaJ4A5ryHcy2iBhscJj7MCQgHE2qgTHiDw==",
      "requires": {
        "@aws-sdk/protocol-http": "3.10.0",
        "@aws-sdk/querystring-builder": "3.10.0",
        "@aws-sdk/types": "3.10.0",
        "@aws-sdk/util-base64-browser": "3.10.0",
        "tslib": "^1.8.0"
      }
    },
    "@aws-sdk/hash-blob-browser": {
      "version": "3.10.0",
      "resolved": "https://registry.npmjs.org/@aws-sdk/hash-blob-browser/-/hash-blob-browser-3.10.0.tgz",
      "integrity": "sha512-Gk/2tiOiLIPpjgpvpjHcYsE1LlGAqjZgmucZE1165OOS72yadOhXIKWElx3Hj8u4JsHBNdaYoPmJrdBbiVEULw==",
      "requires": {
        "@aws-sdk/chunked-blob-reader": "3.10.0",
        "@aws-sdk/chunked-blob-reader-native": "3.10.0",
        "@aws-sdk/types": "3.10.0",
        "tslib": "^1.8.0"
      }
    },
    "@aws-sdk/hash-node": {
      "version": "3.10.0",
      "resolved": "https://registry.npmjs.org/@aws-sdk/hash-node/-/hash-node-3.10.0.tgz",
      "integrity": "sha512-VZEjBlxI6ejFJnTAzTFCcOAbCzZZanjAy4OcItyI1GgIrf40hVCV7sm8ypSLFkU2U/opyxpwHu2n7oDeDoAC1g==",
      "requires": {
        "@aws-sdk/types": "3.10.0",
        "@aws-sdk/util-buffer-from": "3.10.0",
        "tslib": "^1.8.0"
      }
    },
    "@aws-sdk/hash-stream-node": {
      "version": "3.10.0",
      "resolved": "https://registry.npmjs.org/@aws-sdk/hash-stream-node/-/hash-stream-node-3.10.0.tgz",
      "integrity": "sha512-4F3VPUTtUrPgPDTb386fvBP66hzb26zQF+p75oxXpWXxpxiJMhpxkQhtbvZ2rsKflcYIWpp+Yr1FDM1rFcIuMg==",
      "requires": {
        "@aws-sdk/types": "3.10.0",
        "tslib": "^1.8.0"
      }
    },
    "@aws-sdk/invalid-dependency": {
      "version": "3.10.0",
      "resolved": "https://registry.npmjs.org/@aws-sdk/invalid-dependency/-/invalid-dependency-3.10.0.tgz",
      "integrity": "sha512-L9VlE782/nBLoGynNpUsYe8il94Z5Ts1mE13ldO1M5VRe/kdVLrigrtHCt7VF4IvDR6NWihfyPnVyNm0qvg02Q==",
      "requires": {
        "@aws-sdk/types": "3.10.0",
        "tslib": "^1.8.0"
      }
    },
    "@aws-sdk/is-array-buffer": {
      "version": "3.10.0",
      "resolved": "https://registry.npmjs.org/@aws-sdk/is-array-buffer/-/is-array-buffer-3.10.0.tgz",
      "integrity": "sha512-QI4GhdcaATKDP8EVVCIwr3bkTnGsOyXupdG/x5nAK1x+sEtJdyHG+w6zhaBDi4ps7nBxQkxZCA/vIS/DQ5TzqQ==",
      "requires": {
        "tslib": "^1.8.0"
      }
    },
    "@aws-sdk/md5-js": {
      "version": "3.10.0",
      "resolved": "https://registry.npmjs.org/@aws-sdk/md5-js/-/md5-js-3.10.0.tgz",
      "integrity": "sha512-KawYhRt3e1ehZa8yS0Y6pKMI3ftasGZu7MIDucsTljsdaEVYcoVcGnqk9QMCyFZzoCafW/RB/p475JlpEPCFNA==",
      "requires": {
        "@aws-sdk/types": "3.10.0",
        "@aws-sdk/util-utf8-browser": "3.10.0",
        "tslib": "^1.8.0"
      }
    },
    "@aws-sdk/middleware-apply-body-checksum": {
      "version": "3.10.0",
      "resolved": "https://registry.npmjs.org/@aws-sdk/middleware-apply-body-checksum/-/middleware-apply-body-checksum-3.10.0.tgz",
      "integrity": "sha512-PbBGJ6xXxzxnZ5sZ1bmgVRiEsA+j139WISYHVIL1iP/sez/BwSqO4F60fNwB9fz5kd77vvhC3C2PkPn5a/XvYQ==",
      "requires": {
        "@aws-sdk/is-array-buffer": "3.10.0",
        "@aws-sdk/protocol-http": "3.10.0",
        "@aws-sdk/types": "3.10.0",
        "tslib": "^1.8.0"
      }
    },
    "@aws-sdk/middleware-bucket-endpoint": {
      "version": "3.10.0",
      "resolved": "https://registry.npmjs.org/@aws-sdk/middleware-bucket-endpoint/-/middleware-bucket-endpoint-3.10.0.tgz",
      "integrity": "sha512-5YqbdBAE/FJKRPKqX2MB3GsRLOPILsrxxjhulm4Bz7gq4n2kFRKqFQ/xg4/Pk8iDkuNjv3F662oPS2A7cOQLPA==",
      "requires": {
        "@aws-sdk/protocol-http": "3.10.0",
        "@aws-sdk/types": "3.10.0",
        "@aws-sdk/util-arn-parser": "3.10.0",
        "tslib": "^1.8.0"
      }
    },
    "@aws-sdk/middleware-content-length": {
      "version": "3.10.0",
      "resolved": "https://registry.npmjs.org/@aws-sdk/middleware-content-length/-/middleware-content-length-3.10.0.tgz",
      "integrity": "sha512-TW3T2ga5WPsWb6/9Ju7PjzNMj2KYZ+1vzdOsISIq+gnqQVc6FJyB0Vp76T4UeXXZElQOovCvoXHzfybKbVHmeQ==",
      "requires": {
        "@aws-sdk/protocol-http": "3.10.0",
        "@aws-sdk/types": "3.10.0",
        "tslib": "^1.8.0"
      }
    },
    "@aws-sdk/middleware-expect-continue": {
      "version": "3.10.0",
      "resolved": "https://registry.npmjs.org/@aws-sdk/middleware-expect-continue/-/middleware-expect-continue-3.10.0.tgz",
      "integrity": "sha512-QQ5f7JtIPVSnTAqnH/YwcM4SJCOqTL46J7wb9RNmbNZ6zHjqMPY+V4ZFXR5H0B4jl8/K3e/2FERel/sjnq79Pw==",
      "requires": {
        "@aws-sdk/middleware-header-default": "3.10.0",
        "@aws-sdk/protocol-http": "3.10.0",
        "@aws-sdk/types": "3.10.0",
        "tslib": "^1.8.0"
      }
    },
    "@aws-sdk/middleware-header-default": {
      "version": "3.10.0",
      "resolved": "https://registry.npmjs.org/@aws-sdk/middleware-header-default/-/middleware-header-default-3.10.0.tgz",
      "integrity": "sha512-oKmK4XkZ2KnwIeNbmmSI8LfjILXk/M8c11C7N9+CnrJqp6FILjgP1QnP5ViOAtCHgOiHNSDa4AM07ZQKWaR7Wg==",
      "requires": {
        "@aws-sdk/protocol-http": "3.10.0",
        "@aws-sdk/types": "3.10.0",
        "tslib": "^1.8.0"
      }
    },
    "@aws-sdk/middleware-host-header": {
      "version": "3.10.0",
      "resolved": "https://registry.npmjs.org/@aws-sdk/middleware-host-header/-/middleware-host-header-3.10.0.tgz",
      "integrity": "sha512-XbQ4RN29tnfI/CU4HXWC4OjmPNOmqFfiIMYKN/I27hIcyCW9Mvjbb7hylTQSNq2epERugLPYDZQ0fQxw/bJk0A==",
      "requires": {
        "@aws-sdk/protocol-http": "3.10.0",
        "@aws-sdk/types": "3.10.0",
        "tslib": "^1.8.0"
      }
    },
    "@aws-sdk/middleware-location-constraint": {
      "version": "3.10.0",
      "resolved": "https://registry.npmjs.org/@aws-sdk/middleware-location-constraint/-/middleware-location-constraint-3.10.0.tgz",
      "integrity": "sha512-MsTFkEs57+RSduLbswzzIfgvl+szPHRjjNAYhD2iEXEg6vancQ9w/zQwBqmq9HiCl60q3U7KD0PjnwFD/DMTNQ==",
      "requires": {
        "@aws-sdk/types": "3.10.0",
        "tslib": "^1.8.0"
      }
    },
    "@aws-sdk/middleware-logger": {
      "version": "3.10.0",
      "resolved": "https://registry.npmjs.org/@aws-sdk/middleware-logger/-/middleware-logger-3.10.0.tgz",
      "integrity": "sha512-X5hevLSfHLjRdY85zfne12FC8qXSBAkccyXLYmfLYr8LY2nce78TZ/N0El62EArznGZ69iW57qToVIx/0ecdPA==",
      "requires": {
        "@aws-sdk/types": "3.10.0",
        "tslib": "^1.8.0"
      }
    },
    "@aws-sdk/middleware-retry": {
      "version": "3.10.0",
      "resolved": "https://registry.npmjs.org/@aws-sdk/middleware-retry/-/middleware-retry-3.10.0.tgz",
      "integrity": "sha512-gRsaUhvMvfGxNwI8iF0rEoqlppoZQGy8swb1Pi/51A7feiKhxGV5qjByjBw0Rde/zbhqGB1Bjot6sW3WekAWXg==",
      "requires": {
        "@aws-sdk/protocol-http": "3.10.0",
        "@aws-sdk/service-error-classification": "3.10.0",
        "@aws-sdk/types": "3.10.0",
        "react-native-get-random-values": "^1.4.0",
        "tslib": "^1.8.0",
        "uuid": "^3.0.0"
      }
    },
    "@aws-sdk/middleware-sdk-s3": {
      "version": "3.10.0",
      "resolved": "https://registry.npmjs.org/@aws-sdk/middleware-sdk-s3/-/middleware-sdk-s3-3.10.0.tgz",
      "integrity": "sha512-gjDlC4vRAXN8/xkcnz1c7mWbhRy9gD/BtOV156ms4mTY7CugzTaPU573hPddPUxEr2PKC4XBNHgKJkGQBCsUkA==",
      "requires": {
        "@aws-sdk/protocol-http": "3.10.0",
        "@aws-sdk/types": "3.10.0",
        "@aws-sdk/util-arn-parser": "3.10.0",
        "tslib": "^1.8.0"
      }
    },
    "@aws-sdk/middleware-serde": {
      "version": "3.10.0",
      "resolved": "https://registry.npmjs.org/@aws-sdk/middleware-serde/-/middleware-serde-3.10.0.tgz",
      "integrity": "sha512-HksK3YI+IrZu3b7UgJRC2eO1iqYPNkznXlMmvhMe7feMQQOJKzlyX4W/ls9UtnEDnQu+eQ4C20FlA45MLbZ8eQ==",
      "requires": {
        "@aws-sdk/types": "3.10.0",
        "tslib": "^1.8.0"
      }
    },
    "@aws-sdk/middleware-signing": {
      "version": "3.10.0",
      "resolved": "https://registry.npmjs.org/@aws-sdk/middleware-signing/-/middleware-signing-3.10.0.tgz",
      "integrity": "sha512-SzWMQbk5ByAL/l/PJA08SGoHhHcp3uco9qL3Nex9olM1SXLQ3A5pcfqMkiaIPw6XiRVWMuXyisEYmzfNMz5EoA==",
      "requires": {
        "@aws-sdk/property-provider": "3.10.0",
        "@aws-sdk/protocol-http": "3.10.0",
        "@aws-sdk/signature-v4": "3.10.0",
        "@aws-sdk/types": "3.10.0",
        "tslib": "^1.8.0"
      }
    },
    "@aws-sdk/middleware-ssec": {
      "version": "3.10.0",
      "resolved": "https://registry.npmjs.org/@aws-sdk/middleware-ssec/-/middleware-ssec-3.10.0.tgz",
      "integrity": "sha512-/wtMtYzl+TU50DYlGw46RvcbJwk8a3kob/74/Dso13PXdhBUZOxfbfeDeFGzrZ/QaclwWUZjz7FzvsXNJ066lA==",
      "requires": {
        "@aws-sdk/types": "3.10.0",
        "tslib": "^1.8.0"
      }
    },
    "@aws-sdk/middleware-stack": {
      "version": "3.10.0",
      "resolved": "https://registry.npmjs.org/@aws-sdk/middleware-stack/-/middleware-stack-3.10.0.tgz",
      "integrity": "sha512-SKYDboyFK1JQdt1hDuQP3gSebBU7l2qrG+TY84yVROYY6nNjMQxDcg1vPjK8BhNL4aK5u/+krj9QyTrys/LwCg==",
      "requires": {
        "tslib": "^1.8.0"
      }
    },
    "@aws-sdk/middleware-user-agent": {
      "version": "3.10.0",
      "resolved": "https://registry.npmjs.org/@aws-sdk/middleware-user-agent/-/middleware-user-agent-3.10.0.tgz",
      "integrity": "sha512-D5psTdxbIjQp/fXgi78NMEPnyXQcqfHEWnkgqXCwtQzNEdDqX+MexahZiD53svJ4InYp82cQt9MOc4KTLqxCow==",
      "requires": {
        "@aws-sdk/protocol-http": "3.10.0",
        "@aws-sdk/types": "3.10.0",
        "tslib": "^1.8.0"
      }
    },
    "@aws-sdk/node-config-provider": {
      "version": "3.10.0",
      "resolved": "https://registry.npmjs.org/@aws-sdk/node-config-provider/-/node-config-provider-3.10.0.tgz",
      "integrity": "sha512-4/mru6FZsNR9mHadVW0WTXrYY5bqkKFIr0f9ykvVqM36mHxx4Rn+KoHo/01lB+0aEVyGlvYCGaBS88FjYldyqQ==",
      "requires": {
        "@aws-sdk/property-provider": "3.10.0",
        "@aws-sdk/shared-ini-file-loader": "3.10.0",
        "@aws-sdk/types": "3.10.0",
        "tslib": "^1.8.0"
      }
    },
    "@aws-sdk/node-http-handler": {
      "version": "3.10.0",
      "resolved": "https://registry.npmjs.org/@aws-sdk/node-http-handler/-/node-http-handler-3.10.0.tgz",
      "integrity": "sha512-4MPaDuP1MArkRyu4pmfnepVQEtSTdonjCkaNncSeN7PqiLbkkkiJZr5t+7zJfMjxCnFrpLKCVX8uyuG34OJgoQ==",
      "requires": {
        "@aws-sdk/abort-controller": "3.10.0",
        "@aws-sdk/protocol-http": "3.10.0",
        "@aws-sdk/querystring-builder": "3.10.0",
        "@aws-sdk/types": "3.10.0",
        "tslib": "^1.8.0"
      }
    },
    "@aws-sdk/property-provider": {
      "version": "3.10.0",
      "resolved": "https://registry.npmjs.org/@aws-sdk/property-provider/-/property-provider-3.10.0.tgz",
      "integrity": "sha512-rJSIdLxNBq9qzUItFTo9mFPuJlM8kkYuELhn1l896lWy/yqYTcuczECOq3GnVARRDZAc/8T20GE8uRA9+bh0jg==",
      "requires": {
        "@aws-sdk/types": "3.10.0",
        "tslib": "^1.8.0"
      }
    },
    "@aws-sdk/protocol-http": {
      "version": "3.10.0",
      "resolved": "https://registry.npmjs.org/@aws-sdk/protocol-http/-/protocol-http-3.10.0.tgz",
      "integrity": "sha512-ys/xTYtG9vdhY/nEN1mocTkKGY5AN52batB8sTRrAlrhrvFY+h3v6T+pM1WdPd1/rc5UliEV1kDFvJFjcEtWgw==",
      "requires": {
        "@aws-sdk/types": "3.10.0",
        "tslib": "^1.8.0"
      }
    },
    "@aws-sdk/querystring-builder": {
      "version": "3.10.0",
      "resolved": "https://registry.npmjs.org/@aws-sdk/querystring-builder/-/querystring-builder-3.10.0.tgz",
      "integrity": "sha512-M3LBr4VsFbzLUpWojAERZYh4ST4OJPHWTO6QFl3Iqovcr2M3qIiLiKQ4y5bK27e+QwMgZk6bOYXpWiqZuGZNdQ==",
      "requires": {
        "@aws-sdk/types": "3.10.0",
        "@aws-sdk/util-uri-escape": "3.10.0",
        "tslib": "^1.8.0"
      }
    },
    "@aws-sdk/querystring-parser": {
      "version": "3.10.0",
      "resolved": "https://registry.npmjs.org/@aws-sdk/querystring-parser/-/querystring-parser-3.10.0.tgz",
      "integrity": "sha512-PXcXWffNeqfkz4uJdN/IW1YUBGo9fo/O3jOadqfWR7aXIiVkkMrPpzOsSgf1Gimjseuv3exaG0KWcl05EWPlwg==",
      "requires": {
        "@aws-sdk/types": "3.10.0",
        "tslib": "^1.8.0"
      }
    },
    "@aws-sdk/s3-request-presigner": {
      "version": "3.11.0",
      "resolved": "https://registry.npmjs.org/@aws-sdk/s3-request-presigner/-/s3-request-presigner-3.11.0.tgz",
      "integrity": "sha512-LvGgvZxH1e7U4RTtyDQ0bHQsLfXeLU3GPuSGZn4C/a+B+nQYDdpYd+ORijr6ZCxgW+eRvNwDTUa1ywIYgS4ZyQ==",
      "requires": {
        "@aws-sdk/protocol-http": "3.10.0",
        "@aws-sdk/signature-v4": "3.10.0",
        "@aws-sdk/smithy-client": "3.10.0",
        "@aws-sdk/types": "3.10.0",
        "@aws-sdk/util-create-request": "3.10.0",
        "@aws-sdk/util-format-url": "3.10.0",
        "tslib": "^1.8.0"
      }
    },
    "@aws-sdk/service-error-classification": {
      "version": "3.10.0",
      "resolved": "https://registry.npmjs.org/@aws-sdk/service-error-classification/-/service-error-classification-3.10.0.tgz",
      "integrity": "sha512-eJiiGlkoABsOgy0PqcVU5uprwaB6ABH36kz5aiTfKKzRMVRv0jd6ffY12l1SOZxWIw2L0kvypJe0L7IB8ykazg=="
    },
    "@aws-sdk/shared-ini-file-loader": {
      "version": "3.10.0",
      "resolved": "https://registry.npmjs.org/@aws-sdk/shared-ini-file-loader/-/shared-ini-file-loader-3.10.0.tgz",
      "integrity": "sha512-aE8qopW4asfVCLAyWT4MXpV1MBsklGV6iPqyUN6obLbigaZ9NCQNaYhc6wXL0SfX6Hy8HZUxwYVVhYpJUgHLEg==",
      "requires": {
        "tslib": "^1.8.0"
      }
    },
    "@aws-sdk/signature-v4": {
      "version": "3.10.0",
      "resolved": "https://registry.npmjs.org/@aws-sdk/signature-v4/-/signature-v4-3.10.0.tgz",
      "integrity": "sha512-mYhea/lArLyHY0uXZBbQRsAQ1L+iqKd29AFIv7JTKSVgYizSAoalYXSnIeBf4HqdC5TlOq0h08btGICDb/DC9Q==",
      "requires": {
        "@aws-sdk/is-array-buffer": "3.10.0",
        "@aws-sdk/types": "3.10.0",
        "@aws-sdk/util-hex-encoding": "3.10.0",
        "@aws-sdk/util-uri-escape": "3.10.0",
        "tslib": "^1.8.0"
      }
    },
    "@aws-sdk/smithy-client": {
      "version": "3.10.0",
      "resolved": "https://registry.npmjs.org/@aws-sdk/smithy-client/-/smithy-client-3.10.0.tgz",
      "integrity": "sha512-r5n1DsQvazFRQrMcQ027tWHUzKXzU+3V+5E1xb0f+54ZzhY7rA75iNBP4x48LaZt5XPvToaqLKSKEdvyTUnRNA==",
      "requires": {
        "@aws-sdk/middleware-stack": "3.10.0",
        "@aws-sdk/types": "3.10.0",
        "tslib": "^1.8.0"
      }
    },
    "@aws-sdk/types": {
      "version": "3.10.0",
      "resolved": "https://registry.npmjs.org/@aws-sdk/types/-/types-3.10.0.tgz",
      "integrity": "sha512-ARGM7IdqPcPU7Fdk9Vj7oGd/W10Q/GUp2CDLzEXVjPxFo6a1h9b6XaxwVW4PvfzQlf+MoJFUkUuyi3BqTPRKkA=="
    },
    "@aws-sdk/url-parser": {
      "version": "3.10.0",
      "resolved": "https://registry.npmjs.org/@aws-sdk/url-parser/-/url-parser-3.10.0.tgz",
      "integrity": "sha512-+SLxkL9roePs9YkT2dB3Kmsnfmk6BKZGgBTnuWrT9pcBtoAFgelq7R5WU6ZxmzzyAWLCH9C7mOSHf1gG721MUg==",
      "requires": {
        "@aws-sdk/querystring-parser": "3.10.0",
        "@aws-sdk/types": "3.10.0",
        "tslib": "^1.8.0"
      }
    },
    "@aws-sdk/url-parser-native": {
      "version": "3.10.0",
      "resolved": "https://registry.npmjs.org/@aws-sdk/url-parser-native/-/url-parser-native-3.10.0.tgz",
      "integrity": "sha512-vehjY0cGvB+gGOa0hvbUgTBL5GofoGa2qDHWlMUclUA/eu+sxMYST7/bjtuNcBHzSEZjQ0dUsDqdV7HehD0q1w==",
      "requires": {
        "@aws-sdk/querystring-parser": "3.10.0",
        "@aws-sdk/types": "3.10.0",
        "tslib": "^1.8.0",
        "url": "^0.11.0"
      }
    },
    "@aws-sdk/util-arn-parser": {
      "version": "3.10.0",
      "resolved": "https://registry.npmjs.org/@aws-sdk/util-arn-parser/-/util-arn-parser-3.10.0.tgz",
      "integrity": "sha512-hstnMjSVHeKYC9fvbZFUc2vzLC+bFGP7xaoxJTP4LkQyV3w7bRkEktZsAnaprHTtion5b5WwEDm1ntAOzhuItg==",
      "requires": {
        "tslib": "^1.8.0"
      }
    },
    "@aws-sdk/util-base64-browser": {
      "version": "3.10.0",
      "resolved": "https://registry.npmjs.org/@aws-sdk/util-base64-browser/-/util-base64-browser-3.10.0.tgz",
      "integrity": "sha512-jeBEPegEsbAln4UUZJ6Pdj7RvcPYZc8JzTf758fe6rIO8JfXWLUrq/4yYQrIZpEED7QXmi+uPnEvje2ihpH2OQ==",
      "requires": {
        "tslib": "^1.8.0"
      }
    },
    "@aws-sdk/util-base64-node": {
      "version": "3.10.0",
      "resolved": "https://registry.npmjs.org/@aws-sdk/util-base64-node/-/util-base64-node-3.10.0.tgz",
      "integrity": "sha512-lug2UkkQK5RThaKLuekdQt2qt3mQv/KHCilwy/KlbbI7q2xXclpaAn/5v5R4EAXX9mJGkObs9+fp/ZbxljX87Q==",
      "requires": {
        "@aws-sdk/util-buffer-from": "3.10.0",
        "tslib": "^1.8.0"
      }
    },
    "@aws-sdk/util-body-length-browser": {
      "version": "3.10.0",
      "resolved": "https://registry.npmjs.org/@aws-sdk/util-body-length-browser/-/util-body-length-browser-3.10.0.tgz",
      "integrity": "sha512-DThnADgIgLx+0JkHWMvHmLMEJOSeOnzdDOKt3AKN/RCQ2+aDY2f1Gdg96LjlgljsBH/T9Vi0SVJ/XjTU6Z3GZg==",
      "requires": {
        "tslib": "^1.8.0"
      }
    },
    "@aws-sdk/util-body-length-node": {
      "version": "3.10.0",
      "resolved": "https://registry.npmjs.org/@aws-sdk/util-body-length-node/-/util-body-length-node-3.10.0.tgz",
      "integrity": "sha512-ClsLDKt+ek1l5uO2F6pe2051yvvT9ohJHO8K6oiRdpMxWSqx64Zi6KdvwFql0E9dw9L7awbmzpqgOpqpvxHOdg==",
      "requires": {
        "tslib": "^1.8.0"
      }
    },
    "@aws-sdk/util-buffer-from": {
      "version": "3.10.0",
      "resolved": "https://registry.npmjs.org/@aws-sdk/util-buffer-from/-/util-buffer-from-3.10.0.tgz",
      "integrity": "sha512-IpCbcBAlE/BiO7SMEqtYbL0MPSWY0x0JW7OYOsDuh0nw5BX0rUKeA77yhRQtHaW/RyZXIvm0BxJNBP+HOnB7dw==",
      "requires": {
        "@aws-sdk/is-array-buffer": "3.10.0",
        "tslib": "^1.8.0"
      }
    },
    "@aws-sdk/util-create-request": {
      "version": "3.10.0",
      "resolved": "https://registry.npmjs.org/@aws-sdk/util-create-request/-/util-create-request-3.10.0.tgz",
      "integrity": "sha512-G5kva+VZQW76MaqdvCoAjwnB4wSe2FjMURTRRfdLZw8meZi3uUNfPdzzbefweMPG+NC+X7lFTtDTIu9t/olx8g==",
      "requires": {
        "@aws-sdk/middleware-stack": "3.10.0",
        "@aws-sdk/smithy-client": "3.10.0",
        "@aws-sdk/types": "3.10.0",
        "tslib": "^1.8.0"
      }
    },
    "@aws-sdk/util-format-url": {
      "version": "3.10.0",
      "resolved": "https://registry.npmjs.org/@aws-sdk/util-format-url/-/util-format-url-3.10.0.tgz",
      "integrity": "sha512-m5CmmuX8ja1g911FbdD/WwRZwWi2hWaUPkoWwAV4VAdp/L4LlMuIWqAi7B6IDCCAvUhBL2z8iSM7u/3mq6FmRw==",
      "requires": {
        "@aws-sdk/querystring-builder": "3.10.0",
        "@aws-sdk/types": "3.10.0",
        "tslib": "^1.8.0"
      }
    },
    "@aws-sdk/util-hex-encoding": {
      "version": "3.10.0",
      "resolved": "https://registry.npmjs.org/@aws-sdk/util-hex-encoding/-/util-hex-encoding-3.10.0.tgz",
      "integrity": "sha512-rVfkZQ1ftCsgKo2j+mlVCOoL5JuQyduxSMITuE4M+nW5i6kGxCooaOCLgXqLayzRt8heuomXgKmRmcziUlfVZg==",
      "requires": {
        "tslib": "^1.8.0"
      }
    },
    "@aws-sdk/util-locate-window": {
      "version": "3.10.0",
      "resolved": "https://registry.npmjs.org/@aws-sdk/util-locate-window/-/util-locate-window-3.10.0.tgz",
      "integrity": "sha512-dGEOv5KVlfV2kRVQf+jKB2UEaIUXCoays5C9TAwB/7GM+E2ZJIqRUlhh5japyVJIUJmY6s9zqgua/LFUWD5nAA==",
      "requires": {
        "tslib": "^1.8.0"
      }
    },
    "@aws-sdk/util-uri-escape": {
      "version": "3.10.0",
      "resolved": "https://registry.npmjs.org/@aws-sdk/util-uri-escape/-/util-uri-escape-3.10.0.tgz",
      "integrity": "sha512-hSvJEDxArqWxrAVcH9qeyUH/1rtqCqPGJnDVTz9JYIRO3oNPdDmdy4Tu7k6OUN+UtJNjCOig2UUF/0KkGNqOJg==",
      "requires": {
        "tslib": "^1.8.0"
      }
    },
    "@aws-sdk/util-user-agent-browser": {
      "version": "3.10.0",
      "resolved": "https://registry.npmjs.org/@aws-sdk/util-user-agent-browser/-/util-user-agent-browser-3.10.0.tgz",
      "integrity": "sha512-sQiycPUMgkIiJAd6jBmzQtZMXKKqrtMEZ6Rn6uaNUE00HJnR+Gq7B96eMZGcJNfm+LQq4DsGfWaMp+ekWtELbw==",
      "requires": {
        "@aws-sdk/types": "3.10.0",
        "bowser": "^2.11.0",
        "tslib": "^1.8.0"
      }
    },
    "@aws-sdk/util-user-agent-node": {
      "version": "3.10.0",
      "resolved": "https://registry.npmjs.org/@aws-sdk/util-user-agent-node/-/util-user-agent-node-3.10.0.tgz",
      "integrity": "sha512-7uGx6modVf4gDjp8TcDf8G080wNYjBuTzpPa3m03CMJXzhNsFx7f1zGkhX62TvjvjOlmeh5UygAA4bwV0WwxYQ==",
      "requires": {
        "@aws-sdk/node-config-provider": "3.10.0",
        "@aws-sdk/types": "3.10.0",
        "tslib": "^1.8.0"
      }
    },
    "@aws-sdk/util-utf8-browser": {
      "version": "3.10.0",
      "resolved": "https://registry.npmjs.org/@aws-sdk/util-utf8-browser/-/util-utf8-browser-3.10.0.tgz",
      "integrity": "sha512-RdhsUkspIrovjPOIhk/mxiuSevV8uOeFxdoepwIfmN5yoULqSHdAqdDVGyghgJm4/yPPpNq0Mt4cdQMHqn/FGQ==",
      "requires": {
        "tslib": "^1.8.0"
      }
    },
    "@aws-sdk/util-utf8-node": {
      "version": "3.10.0",
      "resolved": "https://registry.npmjs.org/@aws-sdk/util-utf8-node/-/util-utf8-node-3.10.0.tgz",
      "integrity": "sha512-qkfX5shRVIxvipyJc/pRuB31H04x9vnBf7b4WNULVL6cFZqJRu77hMd6KXtyjiwDDPIxSZd1UixcAtW3fn+jbg==",
      "requires": {
        "@aws-sdk/util-buffer-from": "3.10.0",
        "tslib": "^1.8.0"
      }
    },
    "@aws-sdk/util-waiter": {
      "version": "3.10.0",
      "resolved": "https://registry.npmjs.org/@aws-sdk/util-waiter/-/util-waiter-3.10.0.tgz",
      "integrity": "sha512-4kJrG2FAn5cFYN6UdTAOWZYX6OBxYRBMwanN75Rx2JTKvTbilpQYSAUc3K1/TOCgTVzM5HZOvOH4A91PRPPcDw==",
      "requires": {
        "@aws-sdk/abort-controller": "3.10.0",
        "@aws-sdk/types": "3.10.0",
        "tslib": "^1.8.0"
      }
    },
    "@aws-sdk/xml-builder": {
      "version": "3.10.0",
      "resolved": "https://registry.npmjs.org/@aws-sdk/xml-builder/-/xml-builder-3.10.0.tgz",
      "integrity": "sha512-Kubn90hJjpe0fhfmRCyLGgtagDJPqx3C2fb+miMQgdNO7lSDp2SvdxV4aWJ4peYgYZn+VCswesT4Pd2nUVGfEA==",
      "requires": {
        "tslib": "^1.8.0"
      }
    },
    "@types/node": {
      "version": "14.14.37",
      "resolved": "https://registry.npmjs.org/@types/node/-/node-14.14.37.tgz",
      "integrity": "sha512-XYmBiy+ohOR4Lh5jE379fV2IU+6Jn4g5qASinhitfyO71b/sCo6MKsMLF5tc7Zf2CE8hViVQyYSobJNke8OvUw=="
    },
    "arg": {
      "version": "4.1.3",
      "resolved": "https://registry.npmjs.org/arg/-/arg-4.1.3.tgz",
      "integrity": "sha512-58S9QDqG0Xx27YwPSt9fJxivjYl432YCwfDMfZ+71RAqUrZef7LrKQZ3LHLOwCS4FLNBplP533Zx895SeOCHvA==",
      "dev": true
    },
    "bowser": {
      "version": "2.11.0",
      "resolved": "https://registry.npmjs.org/bowser/-/bowser-2.11.0.tgz",
      "integrity": "sha512-AlcaJBi/pqqJBIQ8U9Mcpc9i8Aqxn88Skv5d+xBX006BY5u8N3mGLHa5Lgppa7L/HfwgwLgZ6NYs+Ag6uUmJRA=="
    },
    "buffer-from": {
      "version": "1.1.1",
      "resolved": "https://registry.npmjs.org/buffer-from/-/buffer-from-1.1.1.tgz",
      "integrity": "sha512-MQcXEUbCKtEo7bhqEs6560Hyd4XaovZlO/k9V3hjVUF/zwW7KBVdSK4gIt/bzwS9MbR5qob+F5jusZsb0YQK2A==",
      "dev": true
    },
    "create-require": {
      "version": "1.1.1",
      "resolved": "https://registry.npmjs.org/create-require/-/create-require-1.1.1.tgz",
      "integrity": "sha512-dcKFX3jn0MpIaXjisoRvexIJVEKzaq7z2rZKxf+MSr9TkdmHmsU4m2lcLojrj/FHl8mk5VxMmYA+ftRkP/3oKQ==",
      "dev": true
    },
    "diff": {
      "version": "4.0.2",
      "resolved": "https://registry.npmjs.org/diff/-/diff-4.0.2.tgz",
      "integrity": "sha512-58lmxKSA4BNyLz+HHMUzlOEpg09FV+ev6ZMe3vJihgdxzgcwZ8VoEEPmALCZG9LmqfVoNMMKpttIYTVG6uDY7A==",
      "dev": true
    },
    "dotenv": {
      "version": "8.2.0",
      "resolved": "https://registry.npmjs.org/dotenv/-/dotenv-8.2.0.tgz",
      "integrity": "sha512-8sJ78ElpbDJBHNeBzUbUVLsqKdccaa/BXF1uPTw3GrvQTBgrQrtObr2mUrE38vzYd8cEv+m/JBfDLioYcfXoaw=="
    },
    "fast-base64-decode": {
      "version": "1.0.0",
      "resolved": "https://registry.npmjs.org/fast-base64-decode/-/fast-base64-decode-1.0.0.tgz",
      "integrity": "sha512-qwaScUgUGBYeDNRnbc/KyllVU88Jk1pRHPStuF/lO7B0/RTRLj7U0lkdTAutlBblY08rwZDff6tNU9cjv6j//Q=="
    },
    "fast-xml-parser": {
      "version": "3.19.0",
      "resolved": "https://registry.npmjs.org/fast-xml-parser/-/fast-xml-parser-3.19.0.tgz",
      "integrity": "sha512-4pXwmBplsCPv8FOY1WRakF970TjNGnGnfbOnLqjlYvMiF1SR3yOHyxMR/YCXpPTOspNF5gwudqktIP4VsWkvBg=="
    },
    "make-error": {
      "version": "1.3.6",
      "resolved": "https://registry.npmjs.org/make-error/-/make-error-1.3.6.tgz",
      "integrity": "sha512-s8UhlNe7vPKomQhC1qFelMokr/Sc3AgNbso3n74mVPA5LTZwkB9NlXf4XPamLxJE8h0gh73rM94xvwRT2CVInw==",
      "dev": true
    },
    "punycode": {
      "version": "1.3.2",
      "resolved": "https://registry.npmjs.org/punycode/-/punycode-1.3.2.tgz",
      "integrity": "sha1-llOgNvt8HuQjQvIyXM7v6jkmxI0="
    },
    "querystring": {
      "version": "0.2.0",
      "resolved": "https://registry.npmjs.org/querystring/-/querystring-0.2.0.tgz",
      "integrity": "sha1-sgmEkgO7Jd+CDadW50cAWHhSFiA="
    },
    "react-native-get-random-values": {
      "version": "1.6.0",
      "resolved": "https://registry.npmjs.org/react-native-get-random-values/-/react-native-get-random-values-1.6.0.tgz",
      "integrity": "sha512-sPTRTJk4bpuZeTBf6d7DldQGAOCi0GZh5NxzNI3eHXzxwHbNkV13Q22TehiSb3bsaVqwLC4UAa6QvYIucyyc+A==",
      "requires": {
        "fast-base64-decode": "^1.0.0"
      }
    },
    "source-map": {
      "version": "0.6.1",
      "resolved": "https://registry.npmjs.org/source-map/-/source-map-0.6.1.tgz",
      "integrity": "sha512-UjgapumWlbMhkBgzT7Ykc5YXUT46F0iKu8SGXq0bcwP5dz/h0Plj6enJqjz1Zbq2l5WaqYnrVbwWOWMyF3F47g==",
      "dev": true
    },
    "source-map-support": {
      "version": "0.5.19",
      "resolved": "https://registry.npmjs.org/source-map-support/-/source-map-support-0.5.19.tgz",
      "integrity": "sha512-Wonm7zOCIJzBGQdB+thsPar0kYuCIzYvxZwlBa87yi/Mdjv7Tip2cyVbLj5o0cFPN4EVkuTwb3GDDyUx2DGnGw==",
      "dev": true,
      "requires": {
        "buffer-from": "^1.0.0",
        "source-map": "^0.6.0"
      }
    },
    "ts-node": {
      "version": "9.1.1",
      "resolved": "https://registry.npmjs.org/ts-node/-/ts-node-9.1.1.tgz",
      "integrity": "sha512-hPlt7ZACERQGf03M253ytLY3dHbGNGrAq9qIHWUY9XHYl1z7wYngSr3OQ5xmui8o2AaxsONxIzjafLUiWBo1Fg==",
      "dev": true,
      "requires": {
        "arg": "^4.1.0",
        "create-require": "^1.1.0",
        "diff": "^4.0.1",
        "make-error": "^1.1.1",
        "source-map-support": "^0.5.17",
        "yn": "3.1.1"
      }
    },
    "tslib": {
      "version": "1.14.1",
      "resolved": "https://registry.npmjs.org/tslib/-/tslib-1.14.1.tgz",
      "integrity": "sha512-Xni35NKzjgMrwevysHTCArtLDpPvye8zV/0E4EyYn43P7/7qvQwPh9BGkHewbMulVntbigmcT7rdX3BNo9wRJg=="
    },
    "typescript": {
      "version": "4.2.4",
      "resolved": "https://registry.npmjs.org/typescript/-/typescript-4.2.4.tgz",
      "integrity": "sha512-V+evlYHZnQkaz8TRBuxTA92yZBPotr5H+WhQ7bD3hZUndx5tGOa1fuCgeSjxAzM1RiN5IzvadIXTVefuuwZCRg==",
      "dev": true
    },
    "url": {
      "version": "0.11.0",
      "resolved": "https://registry.npmjs.org/url/-/url-0.11.0.tgz",
      "integrity": "sha1-ODjpfPxgUh63PFJajlW/3Z4uKPE=",
      "requires": {
        "punycode": "1.3.2",
        "querystring": "0.2.0"
      }
    },
    "uuid": {
      "version": "3.4.0",
      "resolved": "https://registry.npmjs.org/uuid/-/uuid-3.4.0.tgz",
      "integrity": "sha512-HjSDRw6gZE5JMggctHBcjVak08+KEVhSIiDzFnT9S9aegmp85S/bReBVTb4QTFaRNptJ9kuYaNhnbNEOkbKb/A=="
    },
    "yn": {
      "version": "3.1.1",
      "resolved": "https://registry.npmjs.org/yn/-/yn-3.1.1.tgz",
      "integrity": "sha512-Ux4ygGWsu2c7isFWe8Yu1YluJmqVhxqK2cLXNQA5AcC3QfbGNpM7fu0Y8b/z16pXLnFxZYvWhd3fhBY9DLmC6Q==",
      "dev": true
    }
  }
}
